
Microsoft Visual Studio Solution File, Format Version 12.00
# Visual Studio 2013
VisualStudioVersion = 12.0.21005.1
MinimumVisualStudioVersion = 10.0.40219.1
Project("{FAE04EC0-301F-11D3-BF4B-00C04F79EFBC}") = "AuthenticationWCF_Server", "AuthenticationWCF_Server\AuthenticationWCF_Server.csproj", "{7B114B63-C403-44CC-B3A6-7C9B80E16D10}"
EndProject
Project("{FAE04EC0-301F-11D3-BF4B-00C04F79EFBC}") = "AuthenticationWCF_Client", "AuthenticationWCF_Client\AuthenticationWCF_Client.csproj", "{3E53CB37-8196-43DB-9AB2-D1A9AD042780}"
	ProjectSection(ProjectDependencies) = postProject
		{7B114B63-C403-44CC-B3A6-7C9B80E16D10} = {7B114B63-C403-44CC-B3A6-7C9B80E16D10}
	EndProjectSection
EndProject
Global
	GlobalSection(SolutionConfigurationPlatforms) = preSolution
		Debug|Any CPU = Debug|Any CPU
		Release|Any CPU = Release|Any CPU
	EndGlobalSection
	GlobalSection(ProjectConfigurationPlatforms) = postSolution
		{7B114B63-C403-44CC-B3A6-7C9B80E16D10}.Debug|Any CPU.ActiveCfg = Debug|Any CPU
		{7B114B63-C403-44CC-B3A6-7C9B80E16D10}.Debug|Any CPU.Build.0 = Debug|Any CPU
		{7B114B63-C403-44CC-B3A6-7C9B80E16D10}.Release|Any CPU.ActiveCfg = Release|Any CPU
		{7B114B63-C403-44CC-B3A6-7C9B80E16D10}.Release|Any CPU.Build.0 = Release|Any CPU
		{3E53CB37-8196-43DB-9AB2-D1A9AD042780}.Debug|Any CPU.ActiveCfg = Debug|Any CPU
		{3E53CB37-8196-43DB-9AB2-D1A9AD042780}.Debug|Any CPU.Build.0 = Debug|Any CPU
		{3E53CB37-8196-43DB-9AB2-D1A9AD042780}.Release|Any CPU.ActiveCfg = Release|Any CPU
		{3E53CB37-8196-43DB-9AB2-D1A9AD042780}.Release|Any CPU.Build.0 = Release|Any CPU
	EndGlobalSection
	GlobalSection(SolutionProperties) = preSolution
		HideSolutionNode = FALSE
	EndGlobalSection
EndGlobal
